
Microsoft Visual Studio Solution File, Format Version 12.00
# Visual Studio Version 16
VisualStudioVersion = 16.0.29424.173
MinimumVisualStudioVersion = 10.0.40219.1
Project("{FAE04EC0-301F-11D3-BF4B-00C04F79EFBC}") = "Test", "Test\Test.csproj", "{D7F63255-0A41-4A0F-A548-18ED1BE0D432}"
EndProject
Project("{FAE04EC0-301F-11D3-BF4B-00C04F79EFBC}") = "Library1", "Library1\Library1.csproj", "{98B629B2-E8D4-4EDE-86F2-E29DE26C05C6}"
EndProject
Project("{FAE04EC0-301F-11D3-BF4B-00C04F79EFBC}") = "Library2", "Library2\Library2.csproj", "{D8D69663-7D5E-441B-AA9A-B4B92C1B40EE}"
EndProject
Project("{FAE04EC0-301F-11D3-BF4B-00C04F79EFBC}") = "NLogTest", "NLogTest\NLogTest.csproj", "{57622906-90DB-4AEE-B05F-EBED48BAEA77}"
EndProject
Global
	GlobalSection(SolutionConfigurationPlatforms) = preSolution
		Debug|Any CPU = Debug|Any CPU
		Release|Any CPU = Release|Any CPU
	EndGlobalSection
	GlobalSection(ProjectConfigurationPlatforms) = postSolution
		{D7F63255-0A41-4A0F-A548-18ED1BE0D432}.Debug|Any CPU.ActiveCfg = Debug|Any CPU
		{D7F63255-0A41-4A0F-A548-18ED1BE0D432}.Debug|Any CPU.Build.0 = Debug|Any CPU
		{D7F63255-0A41-4A0F-A548-18ED1BE0D432}.Release|Any CPU.ActiveCfg = Release|Any CPU
		{D7F63255-0A41-4A0F-A548-18ED1BE0D432}.Release|Any CPU.Build.0 = Release|Any CPU
		{98B629B2-E8D4-4EDE-86F2-E29DE26C05C6}.Debug|Any CPU.ActiveCfg = Debug|Any CPU
		{98B629B2-E8D4-4EDE-86F2-E29DE26C05C6}.Debug|Any CPU.Build.0 = Debug|Any CPU
		{98B629B2-E8D4-4EDE-86F2-E29DE26C05C6}.Release|Any CPU.ActiveCfg = Release|Any CPU
		{98B629B2-E8D4-4EDE-86F2-E29DE26C05C6}.Release|Any CPU.Build.0 = Release|Any CPU
		{D8D69663-7D5E-441B-AA9A-B4B92C1B40EE}.Debug|Any CPU.ActiveCfg = Debug|Any CPU
		{D8D69663-7D5E-441B-AA9A-B4B92C1B40EE}.Debug|Any CPU.Build.0 = Debug|Any CPU
		{D8D69663-7D5E-441B-AA9A-B4B92C1B40EE}.Release|Any CPU.ActiveCfg = Release|Any CPU
		{D8D69663-7D5E-441B-AA9A-B4B92C1B40EE}.Release|Any CPU.Build.0 = Release|Any CPU
		{57622906-90DB-4AEE-B05F-EBED48BAEA77}.Debug|Any CPU.ActiveCfg = Debug|Any CPU
		{57622906-90DB-4AEE-B05F-EBED48BAEA77}.Debug|Any CPU.Build.0 = Debug|Any CPU
		{57622906-90DB-4AEE-B05F-EBED48BAEA77}.Release|Any CPU.ActiveCfg = Release|Any CPU
		{57622906-90DB-4AEE-B05F-EBED48BAEA77}.Release|Any CPU.Build.0 = Release|Any CPU
	EndGlobalSection
	GlobalSection(SolutionProperties) = preSolution
		HideSolutionNode = FALSE
	EndGlobalSection
	GlobalSection(ExtensibilityGlobals) = postSolution
		SolutionGuid = {516F2D4D-235D-4985-8FAA-A0468A6EC788}
	EndGlobalSection
EndGlobal
