
Microsoft Visual Studio Solution File, Format Version 12.00
# Visual Studio 15
VisualStudioVersion = 15.0.27428.2027
MinimumVisualStudioVersion = 10.0.40219.1
Project("{FAE04EC0-301F-11D3-BF4B-00C04F79EFBC}") = "SimpleModuleShell", "SimpleModuleShell\SimpleModuleShell.csproj", "{D980B6E8-29EF-40FF-AD33-70BCC43B115C}"
EndProject
Project("{FAE04EC0-301F-11D3-BF4B-00C04F79EFBC}") = "SimpleModule", "SimpleModuleShell\bin\plugins\SimpleModule\SimpleModule.csproj", "{90400A81-605C-4C2A-9A9E-485FF56FAB0E}"
EndProject
Global
	GlobalSection(SolutionConfigurationPlatforms) = preSolution
		Debug|Any CPU = Debug|Any CPU
		Release|Any CPU = Release|Any CPU
	EndGlobalSection
	GlobalSection(ProjectConfigurationPlatforms) = postSolution
		{D980B6E8-29EF-40FF-AD33-70BCC43B115C}.Debug|Any CPU.ActiveCfg = Debug|Any CPU
		{D980B6E8-29EF-40FF-AD33-70BCC43B115C}.Debug|Any CPU.Build.0 = Debug|Any CPU
		{D980B6E8-29EF-40FF-AD33-70BCC43B115C}.Release|Any CPU.ActiveCfg = Release|Any CPU
		{D980B6E8-29EF-40FF-AD33-70BCC43B115C}.Release|Any CPU.Build.0 = Release|Any CPU
		{90400A81-605C-4C2A-9A9E-485FF56FAB0E}.Debug|Any CPU.ActiveCfg = Debug|Any CPU
		{90400A81-605C-4C2A-9A9E-485FF56FAB0E}.Debug|Any CPU.Build.0 = Debug|Any CPU
		{90400A81-605C-4C2A-9A9E-485FF56FAB0E}.Release|Any CPU.ActiveCfg = Release|Any CPU
		{90400A81-605C-4C2A-9A9E-485FF56FAB0E}.Release|Any CPU.Build.0 = Release|Any CPU
	EndGlobalSection
	GlobalSection(SolutionProperties) = preSolution
		HideSolutionNode = FALSE
	EndGlobalSection
	GlobalSection(ExtensibilityGlobals) = postSolution
		SolutionGuid = {33AD607B-F7A0-41ED-BC20-63ABDD1D04EC}
	EndGlobalSection
EndGlobal
